{
  "version": 4,
  "terraform_version": "1.15.2",
  "serial": 3,
  "lineage": "757dcc30-f0a3-afe6-582d-cf3bd9544058",
  "outputs": {},
  "resources": [
    {
      "mode": "managed",
      "type": "docker_container",
      "name": "db",
      "provider": "provider[\"registry.terraform.io/kreuzwerker/docker\"]",
      "instances": [
        {
          "status": "tainted",
          "schema_version": 2,
          "attributes": {
            "attach": false,
            "bridge": null,
            "capabilities": [],
            "cgroup_parent": null,
            "cgroupns_mode": null,
            "command": null,
            "container_logs": null,
            "container_read_refresh_timeout_milliseconds": 15000,
            "cpu_period": null,
            "cpu_quota": null,
            "cpu_set": null,
            "cpu_shares": null,
            "cpus": null,
            "destroy_grace_seconds": null,
            "devices": [],
            "dns": null,
            "dns_opts": null,
            "dns_search": null,
            "domainname": null,
            "entrypoint": null,
            "env": [
              "MYSQL_DATABASE=todolist",
              "MYSQL_ROOT_PASSWORD=root"
            ],
            "exit_code": null,
            "gpus": null,
            "group_add": null,
            "healthcheck": null,
            "host": [],
            "hostname": null,
            "id": "989a689e257e9106f4bb67fb5ef44ca1f1e06bb967d6256fa87cd939207074ad",
            "image": "mysql:8.0",
            "init": null,
            "ipc_mode": null,
            "labels": [],
            "log_driver": null,
            "log_opts": null,
            "logs": false,
            "max_retry_count": null,
            "memory": null,
            "memory_reservation": 0,
            "memory_swap": null,
            "mounts": [],
            "must_run": true,
            "name": "terraform_db",
            "network_data": null,
            "network_mode": "bridge",
            "networks_advanced": [
              {
                "aliases": [],
                "ipv4_address": "",
                "ipv6_address": "",
                "mac_address": "",
                "name": "task-flow-network"
              }
            ],
            "pid_mode": null,
            "ports": [
              {
                "external": 3306,
                "internal": 3306,
                "ip": "0.0.0.0",
                "protocol": "tcp"
              }
            ],
            "privileged": null,
            "publish_all_ports": null,
            "read_only": false,
            "remove_volumes": true,
            "restart": "no",
            "rm": false,
            "runtime": null,
            "security_opts": [],
            "shm_size": null,
            "start": true,
            "stdin_open": false,
            "stop_signal": null,
            "stop_timeout": null,
            "storage_opts": null,
            "sysctls": null,
            "tmpfs": null,
            "tty": false,
            "ulimit": [],
            "upload": [],
            "user": null,
            "userns_mode": null,
            "volumes": [],
            "wait": false,
            "wait_timeout": 60,
            "working_dir": null
          },
          "sensitive_attributes": [],
          "identity_schema_version": 0,
          "private": "eyJzY2hlbWFfdmVyc2lvbiI6IjIifQ==",
          "dependencies": [
            "docker_network.task_flow_network"
          ]
        }
      ]
    },
    {
      "mode": "managed",
      "type": "docker_network",
      "name": "task_flow_network",
      "provider": "provider[\"registry.terraform.io/kreuzwerker/docker\"]",
      "instances": [
        {
          "schema_version": 1,
          "attributes": {
            "attachable": false,
            "check_duplicate": null,
            "driver": "bridge",
            "id": "14a3e6ee599ffd9bf2dae756f5630e0c8e24b9e8f9053749d67ed9fdd9a8e36a",
            "ingress": false,
            "internal": false,
            "ipam_config": [
              {
                "aux_address": {},
                "gateway": "172.20.0.1",
                "ip_range": "",
                "subnet": "172.20.0.0/16"
              }
            ],
            "ipam_driver": "default",
            "ipam_options": null,
            "ipv6": false,
            "labels": [],
            "name": "task-flow-network",
            "options": {},
            "scope": "local"
          },
          "sensitive_attributes": [],
          "identity_schema_version": 0,
          "private": "eyJzY2hlbWFfdmVyc2lvbiI6IjEifQ=="
        }
      ]
    }
  ],
  "check_results": null
}
